
Microsoft Visual Studio Solution File, Format Version 12.00
# Visual Studio 15
VisualStudioVersion = 15.0.28307.572
MinimumVisualStudioVersion = 10.0.40219.1
Project("{FAE04EC0-301F-11D3-BF4B-00C04F79EFBC}") = "Bangazon", "Bangazon\Bangazon.csproj", "{EAC38DD1-AAE9-404E-8920-202D178BFE24}"
EndProject
Global
	GlobalSection(SolutionConfigurationPlatforms) = preSolution
		Debug|Any CPU = Debug|Any CPU
		Release|Any CPU = Release|Any CPU
	EndGlobalSection
	GlobalSection(ProjectConfigurationPlatforms) = postSolution
		{EAC38DD1-AAE9-404E-8920-202D178BFE24}.Debug|Any CPU.ActiveCfg = Debug|Any CPU
		{EAC38DD1-AAE9-404E-8920-202D178BFE24}.Debug|Any CPU.Build.0 = Debug|Any CPU
		{EAC38DD1-AAE9-404E-8920-202D178BFE24}.Release|Any CPU.ActiveCfg = Release|Any CPU
		{EAC38DD1-AAE9-404E-8920-202D178BFE24}.Release|Any CPU.Build.0 = Release|Any CPU
	EndGlobalSection
	GlobalSection(SolutionProperties) = preSolution
		HideSolutionNode = FALSE
	EndGlobalSection
	GlobalSection(ExtensibilityGlobals) = postSolution
		SolutionGuid = {01CCEA8F-B5C6-47DE-AB61-95E5871897DD}
	EndGlobalSection
EndGlobal
